
Microsoft Visual Studio Solution File, Format Version 12.00
# Visual Studio 15
VisualStudioVersion = 15.0.27428.2043
MinimumVisualStudioVersion = 10.0.40219.1
Project("{FAE04EC0-301F-11D3-BF4B-00C04F79EFBC}") = "IPLPollDemo", "IPLPollDemo\IPLPollDemo.csproj", "{5032EFBA-D553-4200-8733-659E45DE3AD4}"
EndProject
Global
	GlobalSection(SolutionConfigurationPlatforms) = preSolution
		Debug|Any CPU = Debug|Any CPU
		Release|Any CPU = Release|Any CPU
	EndGlobalSection
	GlobalSection(ProjectConfigurationPlatforms) = postSolution
		{5032EFBA-D553-4200-8733-659E45DE3AD4}.Debug|Any CPU.ActiveCfg = Debug|Any CPU
		{5032EFBA-D553-4200-8733-659E45DE3AD4}.Debug|Any CPU.Build.0 = Debug|Any CPU
		{5032EFBA-D553-4200-8733-659E45DE3AD4}.Release|Any CPU.ActiveCfg = Release|Any CPU
		{5032EFBA-D553-4200-8733-659E45DE3AD4}.Release|Any CPU.Build.0 = Release|Any CPU
	EndGlobalSection
	GlobalSection(SolutionProperties) = preSolution
		HideSolutionNode = FALSE
	EndGlobalSection
	GlobalSection(ExtensibilityGlobals) = postSolution
		SolutionGuid = {6F2D69A4-C45B-4E70-A56E-88E232CBB8E0}
	EndGlobalSection
EndGlobal
